
Microsoft Visual Studio Solution File, Format Version 12.00
Project("{FAE04EC0-301F-11D3-BF4B-00C04F79EFBC}") = "HCI-big-project", "HCI-big-project\HCI-big-project.csproj", "{5C2907C5-7362-41E7-8928-86BAAFD13AEB}"
EndProject
Global
	GlobalSection(SolutionConfigurationPlatforms) = preSolution
		Debug|Any CPU = Debug|Any CPU
		Release|Any CPU = Release|Any CPU
	EndGlobalSection
	GlobalSection(ProjectConfigurationPlatforms) = postSolution
		{5C2907C5-7362-41E7-8928-86BAAFD13AEB}.Debug|Any CPU.ActiveCfg = Debug|Any CPU
		{5C2907C5-7362-41E7-8928-86BAAFD13AEB}.Debug|Any CPU.Build.0 = Debug|Any CPU
		{5C2907C5-7362-41E7-8928-86BAAFD13AEB}.Release|Any CPU.ActiveCfg = Release|Any CPU
		{5C2907C5-7362-41E7-8928-86BAAFD13AEB}.Release|Any CPU.Build.0 = Release|Any CPU
	EndGlobalSection
EndGlobal
